
Microsoft Visual Studio Solution File, Format Version 12.00
# Visual Studio 15
VisualStudioVersion = 15.0.26403.3
MinimumVisualStudioVersion = 10.0.40219.1
Project("{FAE04EC0-301F-11D3-BF4B-00C04F79EFBC}") = "DevicesAndProblems.App", "DevicesAndProblems.App\DevicesAndProblems.App.csproj", "{2D459BE7-3597-4730-8AB5-48F174CD9F4F}"
EndProject
Project("{FAE04EC0-301F-11D3-BF4B-00C04F79EFBC}") = "DevicesAndProblems.Model", "DevicesAndProblems.Model\DevicesAndProblems.Model.csproj", "{D2B8B996-6E83-4F79-A84F-9F689CBABF18}"
EndProject
Project("{FAE04EC0-301F-11D3-BF4B-00C04F79EFBC}") = "DevicesAndProblems.DAL", "DevicesAndProblems.DAL\DevicesAndProblems.DAL.csproj", "{6F692568-C716-4B1A-9C59-74643F8129F8}"
EndProject
Project("{FAE04EC0-301F-11D3-BF4B-00C04F79EFBC}") = "DevicesAndProblems.Tests", "DevicesAndProblems.Tests\DevicesAndProblems.Tests.csproj", "{37E00F99-C65B-4B4F-BE51-892E44C004DB}"
EndProject
Global
	GlobalSection(SolutionConfigurationPlatforms) = preSolution
		Debug|Any CPU = Debug|Any CPU
		Release|Any CPU = Release|Any CPU
	EndGlobalSection
	GlobalSection(ProjectConfigurationPlatforms) = postSolution
		{2D459BE7-3597-4730-8AB5-48F174CD9F4F}.Debug|Any CPU.ActiveCfg = Debug|Any CPU
		{2D459BE7-3597-4730-8AB5-48F174CD9F4F}.Debug|Any CPU.Build.0 = Debug|Any CPU
		{2D459BE7-3597-4730-8AB5-48F174CD9F4F}.Release|Any CPU.ActiveCfg = Release|Any CPU
		{2D459BE7-3597-4730-8AB5-48F174CD9F4F}.Release|Any CPU.Build.0 = Release|Any CPU
		{D2B8B996-6E83-4F79-A84F-9F689CBABF18}.Debug|Any CPU.ActiveCfg = Debug|Any CPU
		{D2B8B996-6E83-4F79-A84F-9F689CBABF18}.Debug|Any CPU.Build.0 = Debug|Any CPU
		{D2B8B996-6E83-4F79-A84F-9F689CBABF18}.Release|Any CPU.ActiveCfg = Release|Any CPU
		{D2B8B996-6E83-4F79-A84F-9F689CBABF18}.Release|Any CPU.Build.0 = Release|Any CPU
		{6F692568-C716-4B1A-9C59-74643F8129F8}.Debug|Any CPU.ActiveCfg = Debug|Any CPU
		{6F692568-C716-4B1A-9C59-74643F8129F8}.Debug|Any CPU.Build.0 = Debug|Any CPU
		{6F692568-C716-4B1A-9C59-74643F8129F8}.Release|Any CPU.ActiveCfg = Release|Any CPU
		{6F692568-C716-4B1A-9C59-74643F8129F8}.Release|Any CPU.Build.0 = Release|Any CPU
		{37E00F99-C65B-4B4F-BE51-892E44C004DB}.Debug|Any CPU.ActiveCfg = Debug|Any CPU
		{37E00F99-C65B-4B4F-BE51-892E44C004DB}.Debug|Any CPU.Build.0 = Debug|Any CPU
		{37E00F99-C65B-4B4F-BE51-892E44C004DB}.Release|Any CPU.ActiveCfg = Release|Any CPU
		{37E00F99-C65B-4B4F-BE51-892E44C004DB}.Release|Any CPU.Build.0 = Release|Any CPU
	EndGlobalSection
	GlobalSection(SolutionProperties) = preSolution
		HideSolutionNode = FALSE
	EndGlobalSection
	GlobalSection(ExtensibilityGlobals) = postSolution
		SolutionGuid = {CA155D3F-AFA4-4B3B-8CAB-1AD8184F61E5}
	EndGlobalSection
EndGlobal
